{
  "name": "datakura",
  "lockfileVersion": 3,
  "requires": true,
  "packages": {
    "": {
      "dependencies": {
        "jsbarcode": "^3.12.1"
      }
    },
    "node_modules/jsbarcode": {
      "version": "3.12.1",
      "resolved": "https://registry.npmjs.org/jsbarcode/-/jsbarcode-3.12.1.tgz",
      "integrity": "sha512-QZQSqIknC2Rr/YOUyOkCBqsoiBAOTYK+7yNN3JsqfoUtJtkazxNw1dmPpxuv7VVvqW13kA3/mKiLq+s/e3o9hQ==",
      "license": "MIT"
    }
  }
}
